<Solution>
  <Project Path="docker-compose.dcproj">
    <Build />
  </Project>
  <Project Path="E-Commerce-Inern-Project.API/E-Commerce-Inern-Project.API.csproj" />
  <Project Path="E-Commerce-Inern-Project.Core/E-Commerce-Inern-Project.Core.csproj" />
  <Project Path="E-Commerce-Inern-Project.Infrastructure/E-Commerce-Inern-Project.Infrastructure.csproj" />
  <Project Path="E-Commerce-Intern-Project.Test/E-Commerce-Intern-Project.Test.csproj" />
</Solution>
